// !$*UTF8*$!
{
	archiveVersion = 1;
	classes = {
	};
	objectVersion = 50;
	objects = {

/* Begin PBXBuildFile section */
		ECD09B68261766CB0080DA5F /* AppDelegate.swift in Sources */ = {isa = PBXBuildFile; fileRef = ECD09B67261766CB0080DA5F /* AppDelegate.swift */; };
		ECD09B6A261766CB0080DA5F /* SceneDelegate.swift in Sources */ = {isa = PBXBuildFile; fileRef = ECD09B69261766CB0080DA5F /* SceneDelegate.swift */; };
		ECD09B6C261766CB0080DA5F /* ViewController.swift in Sources */ = {isa = PBXBuildFile; fileRef = ECD09B6B261766CB0080DA5F /* ViewController.swift */; };
		ECD09B6F261766CB0080DA5F /* Main.storyboard in Resources */ = {isa = PBXBuildFile; fileRef = ECD09B6D261766CB0080DA5F /* Main.storyboard */; };
		ECD09B71261766CD0080DA5F /* Assets.xcassets in Resources */ = {isa = PBXBuildFile; fileRef = ECD09B70261766CD0080DA5F /* Assets.xcassets */; };
		ECD09B74261766CD0080DA5F /* LaunchScreen.storyboard in Resources */ = {isa = PBXBuildFile; fileRef = ECD09B72261766CD0080DA5F /* LaunchScreen.storyboard */; };
		ECD09B7F261766CD0080DA5F /* CalculatorTests.swift in Sources */ = {isa = PBXBuildFile; fileRef = ECD09B7E261766CD0080DA5F /* CalculatorTests.swift */; };
		ECD09B8A261766CD0080DA5F /* CalculatorUITests.swift in Sources */ = {isa = PBXBuildFile; fileRef = ECD09B89261766CD0080DA5F /* CalculatorUITests.swift */; };
/* End PBXBuildFile section */

/* Begin PBXContainerItemProxy section */
		ECD09B7B261766CD0080DA5F /* PBXContainerItemProxy */ = {
			isa = PBXContainerItemProxy;
			containerPortal = ECD09B5C261766CB0080DA5F /* Project object */;
			proxyType = 1;
			remoteGlobalIDString = ECD09B63261766CB0080DA5F;
			remoteInfo = Calculator;
		};
		ECD09B86261766CD0080DA5F /* PBXContainerItemProxy */ = {
			isa = PBXContainerItemProxy;
			containerPortal = ECD09B5C261766CB0080DA5F /* Project object */;
			proxyType = 1;
			remoteGlobalIDString = ECD09B63261766CB0080DA5F;
			remoteInfo = Calculator;
		};
/* End PBXContainerItemProxy section */

/* Begin PBXFileReference section */
		ECD09B64261766CB0080DA5F /* Calculator.app */ = {isa = PBXFileReference; explicitFileType = wrapper.application; includeInIndex = 0; path = Calculator.app; sourceTree = BUILT_PRODUCTS_DIR; };
		ECD09B67261766CB0080DA5F /* AppDelegate.swift */ = {isa = PBXFileReference; lastKnownFileType = sourcecode.swift; path = AppDelegate.swift; sourceTree = "<group>"; };
		ECD09B69261766CB0080DA5F /* SceneDelegate.swift */ = {isa = PBXFileReference; lastKnownFileType = sourcecode.swift; path = SceneDelegate.swift; sourceTree = "<group>"; };
		ECD09B6B261766CB0080DA5F /* ViewController.swift */ = {isa = PBXFileReference; lastKnownFileType = sourcecode.swift; path = ViewController.swift; sourceTree = "<group>"; };
		ECD09B6E261766CB0080DA5F /* Base */ = {isa = PBXFileReference; lastKnownFileType = file.storyboard; name = Base; path = Base.lproj/Main.storyboard; sourceTree = "<group>"; };
		ECD09B70261766CD0080DA5F /* Assets.xcassets */ = {isa = PBXFileReference; lastKnownFileType = folder.assetcatalog; path = Assets.xcassets; sourceTree = "<group>"; };
		ECD09B73261766CD0080DA5F /* Base */ = {isa = PBXFileReference; lastKnownFileType = file.storyboard; name = Base; path = Base.lproj/LaunchScreen.storyboard; sourceTree = "<group>"; };
		ECD09B75261766CD0080DA5F /* Info.plist */ = {isa = PBXFileReference; lastKnownFileType = text.plist.xml; path = Info.plist; sourceTree = "<group>"; };
		ECD09B7A261766CD0080DA5F /* CalculatorTests.xctest */ = {isa = PBXFileReference; explicitFileType = wrapper.cfbundle; includeInIndex = 0; path = CalculatorTests.xctest; sourceTree = BUILT_PRODUCTS_DIR; };
		ECD09B7E261766CD0080DA5F /* CalculatorTests.swift */ = {isa = PBXFileReference; lastKnownFileType = sourcecode.swift; path = CalculatorTests.swift; sourceTree = "<group>"; };
		ECD09B80261766CD0080DA5F /* Info.plist */ = {isa = PBXFileReference; lastKnownFileType = text.plist.xml; path = Info.plist; sourceTree = "<group>"; };
		ECD09B85261766CD0080DA5F /* CalculatorUITests.xctest */ = {isa = PBXFileReference; explicitFileType = wrapper.cfbundle; includeInIndex = 0; path = CalculatorUITests.xctest; sourceTree = BUILT_PRODUCTS_DIR; };
		ECD09B89261766CD0080DA5F /* CalculatorUITests.swift */ = {isa = PBXFileReference; lastKnownFileType = sourcecode.swift; path = CalculatorUITests.swift; sourceTree = "<group>"; };
		ECD09B8B261766CD0080DA5F /* Info.plist */ = {isa = PBXFileReference; lastKnownFileType = text.plist.xml; path = Info.plist; sourceTree = "<group>"; };
/* End PBXFileReference section */

/* Begin PBXFrameworksBuildPhase section */
		ECD09B61261766CB0080DA5F /* Frameworks */ = {
			isa = PBXFrameworksBuildPhase;
			buildActionMask = 2147483647;
			files = (
			);
			runOnlyForDeploymentPostprocessing = 0;
		};
		ECD09B77261766CD0080DA5F /* Frameworks */ = {
			isa = PBXFrameworksBuildPhase;
			buildActionMask = 2147483647;
			files = (
			);
			runOnlyForDeploymentPostprocessing = 0;
		};
		ECD09B82261766CD0080DA5F /* Frameworks */ = {
			isa = PBXFrameworksBuildPhase;
			buildActionMask = 2147483647;
			files = (
			);
			runOnlyForDeploymentPostprocessing = 0;
		};
/* End PBXFrameworksBuildPhase section */

/* Begin PBXGroup section */
		ECD09B5B261766CB0080DA5F = {
			isa = PBXGroup;
			children = (
				ECD09B66261766CB0080DA5F /* Calculator */,
				ECD09B7D261766CD0080DA5F /* CalculatorTests */,
				ECD09B88261766CD0080DA5F /* CalculatorUITests */,
				ECD09B65261766CB0080DA5F /* Products */,
			);
			sourceTree = "<group>";
		};
		ECD09B65261766CB0080DA5F /* Products */ = {
			isa = PBXGroup;
			children = (
				ECD09B64261766CB0080DA5F /* Calculator.app */,
				ECD09B7A261766CD0080DA5F /* CalculatorTests.xctest */,
				ECD09B85261766CD0080DA5F /* CalculatorUITests.xctest */,
			);
			name = Products;
			sourceTree = "<group>";
		};
		ECD09B66261766CB0080DA5F /* Calculator */ = {
			isa = PBXGroup;
			children = (
				ECD09B67261766CB0080DA5F /* AppDelegate.swift */,
				ECD09B69261766CB0080DA5F /* SceneDelegate.swift */,
				ECD09B6B261766CB0080DA5F /* ViewController.swift */,
				ECD09B6D261766CB0080DA5F /* Main.storyboard */,
				ECD09B70261766CD0080DA5F /* Assets.xcassets */,
				ECD09B72261766CD0080DA5F /* LaunchScreen.storyboard */,
				ECD09B75261766CD0080DA5F /* Info.plist */,
			);
			path = Calculator;
			sourceTree = "<group>";
		};
		ECD09B7D261766CD0080DA5F /* CalculatorTests */ = {
			isa = PBXGroup;
			children = (
				ECD09B7E261766CD0080DA5F /* CalculatorTests.swift */,
				ECD09B80261766CD0080DA5F /* Info.plist */,
			);
			path = CalculatorTests;
			sourceTree = "<group>";
		};
		ECD09B88261766CD0080DA5F /* CalculatorUITests */ = {
			isa = PBXGroup;
			children = (
				ECD09B89261766CD0080DA5F /* CalculatorUITests.swift */,
				ECD09B8B261766CD0080DA5F /* Info.plist */,
			);
			path = CalculatorUITests;
			sourceTree = "<group>";
		};
/* End PBXGroup section */

/* Begin PBXNativeTarget section */
		ECD09B63261766CB0080DA5F /* Calculator */ = {
			isa = PBXNativeTarget;
			buildConfigurationList = ECD09B8E261766CD0080DA5F /* Build configuration list for PBXNativeTarget "Calculator" */;
			buildPhases = (
				ECD09B60261766CB0080DA5F /* Sources */,
				ECD09B61261766CB0080DA5F /* Frameworks */,
				ECD09B62261766CB0080DA5F /* Resources */,
			);
			buildRules = (
			);
			dependencies = (
			);
			name = Calculator;
			productName = Calculator;
			productReference = ECD09B64261766CB0080DA5F /* Calculator.app */;
			productType = "com.apple.product-type.application";
		};
		ECD09B79261766CD0080DA5F /* CalculatorTests */ = {
			isa = PBXNativeTarget;
			buildConfigurationList = ECD09B91261766CD0080DA5F /* Build configuration list for PBXNativeTarget "CalculatorTests" */;
			buildPhases = (
				ECD09B76261766CD0080DA5F /* Sources */,
				ECD09B77261766CD0080DA5F /* Frameworks */,
				ECD09B78261766CD0080DA5F /* Resources */,
			);
			buildRules = (
			);
			dependencies = (
				ECD09B7C261766CD0080DA5F /* PBXTargetDependency */,
			);
			name = CalculatorTests;
			productName = CalculatorTests;
			productReference = ECD09B7A261766CD0080DA5F /* CalculatorTests.xctest */;
			productType = "com.apple.product-type.bundle.unit-test";
		};
		ECD09B84261766CD0080DA5F /* CalculatorUITests */ = {
			isa = PBXNativeTarget;
			buildConfigurationList = ECD09B94261766CD0080DA5F /* Build configuration list for PBXNativeTarget "CalculatorUITests" */;
			buildPhases = (
				ECD09B81261766CD0080DA5F /* Sources */,
				ECD09B82261766CD0080DA5F /* Frameworks */,
				ECD09B83261766CD0080DA5F /* Resources */,
			);
			buildRules = (
			);
			dependencies = (
				ECD09B87261766CD0080DA5F /* PBXTargetDependency */,
			);
			name = CalculatorUITests;
			productName = CalculatorUITests;
			productReference = ECD09B85261766CD0080DA5F /* CalculatorUITests.xctest */;
			productType = "com.apple.product-type.bundle.ui-testing";
		};
/* End PBXNativeTarget section */

/* Begin PBXProject section */
		ECD09B5C261766CB0080DA5F /* Project object */ = {
			isa = PBXProject;
			attributes = {
				LastSwiftUpdateCheck = 1240;
				LastUpgradeCheck = 1240;
				TargetAttributes = {
					ECD09B63261766CB0080DA5F = {
						CreatedOnToolsVersion = 12.4;
					};
					ECD09B79261766CD0080DA5F = {
						CreatedOnToolsVersion = 12.4;
						TestTargetID = ECD09B63261766CB0080DA5F;
					};
					ECD09B84261766CD0080DA5F = {
						CreatedOnToolsVersion = 12.4;
						TestTargetID = ECD09B63261766CB0080DA5F;
					};
				};
			};
			buildConfigurationList = ECD09B5F261766CB0080DA5F /* Build configuration list for PBXProject "Calculator" */;
			compatibilityVersion = "Xcode 9.3";
			developmentRegion = en;
			hasScannedForEncodings = 0;
			knownRegions = (
				en,
				Base,
			);
			mainGroup = ECD09B5B261766CB0080DA5F;
			productRefGroup = ECD09B65261766CB0080DA5F /* Products */;
			projectDirPath = "";
			projectRoot = "";
			targets = (
				ECD09B63261766CB0080DA5F /* Calculator */,
				ECD09B79261766CD0080DA5F /* CalculatorTests */,
				ECD09B84261766CD0080DA5F /* CalculatorUITests */,
			);
		};
/* End PBXProject section */

/* Begin PBXResourcesBuildPhase section */
		ECD09B62261766CB0080DA5F /* Resources */ = {
			isa = PBXResourcesBuildPhase;
			buildActionMask = 2147483647;
			files = (
				ECD09B74261766CD0080DA5F /* LaunchScreen.storyboard in Resources */,
				ECD09B71261766CD0080DA5F /* Assets.xcassets in Resources */,
				ECD09B6F261766CB0080DA5F /* Main.storyboard in Resources */,
			);
			runOnlyForDeploymentPostprocessing = 0;
		};
		ECD09B78261766CD0080DA5F /* Resources */ = {
			isa = PBXResourcesBuildPhase;
			buildActionMask = 2147483647;
			files = (
			);
			runOnlyForDeploymentPostprocessing = 0;
		};
		ECD09B83261766CD0080DA5F /* Resources */ = {
			isa = PBXResourcesBuildPhase;
			buildActionMask = 2147483647;
			files = (
			);
			runOnlyForDeploymentPostprocessing = 0;
		};
/* End PBXResourcesBuildPhase section */

/* Begin PBXSourcesBuildPhase section */
		ECD09B60261766CB0080DA5F /* Sources */ = {
			isa = PBXSourcesBuildPhase;
			buildActionMask = 2147483647;
			files = (
				ECD09B6C261766CB0080DA5F /* ViewController.swift in Sources */,
				ECD09B68261766CB0080DA5F /* AppDelegate.swift in Sources */,
				ECD09B6A261766CB0080DA5F /* SceneDelegate.swift in Sources */,
			);
			runOnlyForDeploymentPostprocessing = 0;
		};
		ECD09B76261766CD0080DA5F /* Sources */ = {
			isa = PBXSourcesBuildPhase;
			buildActionMask = 2147483647;
			files = (
				ECD09B7F261766CD0080DA5F /* CalculatorTests.swift in Sources */,
			);
			runOnlyForDeploymentPostprocessing = 0;
		};
		ECD09B81261766CD0080DA5F /* Sources */ = {
			isa = PBXSourcesBuildPhase;
			buildActionMask = 2147483647;
			files = (
				ECD09B8A261766CD0080DA5F /* CalculatorUITests.swift in Sources */,
			);
			runOnlyForDeploymentPostprocessing = 0;
		};
/* End PBXSourcesBuildPhase section */

/* Begin PBXTargetDependency section */
		ECD09B7C261766CD0080DA5F /* PBXTargetDependency */ = {
			isa = PBXTargetDependency;
			target = ECD09B63261766CB0080DA5F /* Calculator */;
			targetProxy = ECD09B7B261766CD0080DA5F /* PBXContainerItemProxy */;
		};
		ECD09B87261766CD0080DA5F /* PBXTargetDependency */ = {
			isa = PBXTargetDependency;
			target = ECD09B63261766CB0080DA5F /* Calculator */;
			targetProxy = ECD09B86261766CD0080DA5F /* PBXContainerItemProxy */;
		};
/* End PBXTargetDependency section */

/* Begin PBXVariantGroup section */
		ECD09B6D261766CB0080DA5F /* Main.storyboard */ = {
			isa = PBXVariantGroup;
			children = (
				ECD09B6E261766CB0080DA5F /* Base */,
			);
			name = Main.storyboard;
			sourceTree = "<group>";
		};
		ECD09B72261766CD0080DA5F /* LaunchScreen.storyboard */ = {
			isa = PBXVariantGroup;
			children = (
				ECD09B73261766CD0080DA5F /* Base */,
			);
			name = LaunchScreen.storyboard;
			sourceTree = "<group>";
		};
/* End PBXVariantGroup section */

/* Begin XCBuildConfiguration section */
		ECD09B8C261766CD0080DA5F /* Debug */ = {
			isa = XCBuildConfiguration;
			buildSettings = {
				ALWAYS_SEARCH_USER_PATHS = NO;
				CLANG_ANALYZER_NONNULL = YES;
				CLANG_ANALYZER_NUMBER_OBJECT_CONVERSION = YES_AGGRESSIVE;
				CLANG_CXX_LANGUAGE_STANDARD = "gnu++14";
				CLANG_CXX_LIBRARY = "libc++";
				CLANG_ENABLE_MODULES = YES;
				CLANG_ENABLE_OBJC_ARC = YES;
				CLANG_ENABLE_OBJC_WEAK = YES;
				CLANG_WARN_BLOCK_CAPTURE_AUTORELEASING = YES;
				CLANG_WARN_BOOL_CONVERSION = YES;
				CLANG_WARN_COMMA = YES;
				CLANG_WARN_CONSTANT_CONVERSION = YES;
				CLANG_WARN_DEPRECATED_OBJC_IMPLEMENTATIONS = YES;
				CLANG_WARN_DIRECT_OBJC_ISA_USAGE = YES_ERROR;
				CLANG_WARN_DOCUMENTATION_COMMENTS = YES;
				CLANG_WARN_EMPTY_BODY = YES;
				CLANG_WARN_ENUM_CONVERSION = YES;
				CLANG_WARN_INFINITE_RECURSION = YES;
				CLANG_WARN_INT_CONVERSION = YES;
				CLANG_WARN_NON_LITERAL_NULL_CONVERSION = YES;
				CLANG_WARN_OBJC_IMPLICIT_RETAIN_SELF = YES;
				CLANG_WARN_OBJC_LITERAL_CONVERSION = YES;
				CLANG_WARN_OBJC_ROOT_CLASS = YES_ERROR;
				CLANG_WARN_QUOTED_INCLUDE_IN_FRAMEWORK_HEADER = YES;
				CLANG_WARN_RANGE_LOOP_ANALYSIS = YES;
				CLANG_WARN_STRICT_PROTOTYPES = YES;
				CLANG_WARN_SUSPICIOUS_MOVE = YES;
				CLANG_WARN_UNGUARDED_AVAILABILITY = YES_AGGRESSIVE;
				CLANG_WARN_UNREACHABLE_CODE = YES;
				CLANG_WARN__DUPLICATE_METHOD_MATCH = YES;
				COPY_PHASE_STRIP = NO;
				DEBUG_INFORMATION_FORMAT = dwarf;
				ENABLE_STRICT_OBJC_MSGSEND = YES;
				ENABLE_TESTABILITY = YES;
				GCC_C_LANGUAGE_STANDARD = gnu11;
				GCC_DYNAMIC_NO_PIC = NO;
				GCC_NO_COMMON_BLOCKS = YES;
				GCC_OPTIMIZATION_LEVEL = 0;
				GCC_PREPROCESSOR_DEFINITIONS = (
					"DEBUG=1",
					"$(inherited)",
				);
				GCC_WARN_64_TO_32_BIT_CONVERSION = YES;
				GCC_WARN_ABOUT_RETURN_TYPE = YES_ERROR;
				GCC_WARN_UNDECLARED_SELECTOR = YES;
				GCC_WARN_UNINITIALIZED_AUTOS = YES_AGGRESSIVE;
				GCC_WARN_UNUSED_FUNCTION = YES;
				GCC_WARN_UNUSED_VARIABLE = YES;
				IPHONEOS_DEPLOYMENT_TARGET = 14.4;
				MTL_ENABLE_DEBUG_INFO = INCLUDE_SOURCE;
				MTL_FAST_MATH = YES;
				ONLY_ACTIVE_ARCH = YES;
				SDKROOT = iphoneos;
				SWIFT_ACTIVE_COMPILATION_CONDITIONS = DEBUG;
				SWIFT_OPTIMIZATION_LEVEL = "-Onone";
			};
			name = Debug;
		};
		ECD09B8D261766CD0080DA5F /* Release */ = {
			isa = XCBuildConfiguration;
			buildSettings = {
				ALWAYS_SEARCH_USER_PATHS = NO;
				CLANG_ANALYZER_NONNULL = YES;
				CLANG_ANALYZER_NUMBER_OBJECT_CONVERSION = YES_AGGRESSIVE;
				CLANG_CXX_LANGUAGE_STANDARD = "gnu++14";
				CLANG_CXX_LIBRARY = "libc++";
				CLANG_ENABLE_MODULES = YES;
				CLANG_ENABLE_OBJC_ARC = YES;
				CLANG_ENABLE_OBJC_WEAK = YES;
				CLANG_WARN_BLOCK_CAPTURE_AUTORELEASING = YES;
				CLANG_WARN_BOOL_CONVERSION = YES;
				CLANG_WARN_COMMA = YES;
				CLANG_WARN_CONSTANT_CONVERSION = YES;
				CLANG_WARN_DEPRECATED_OBJC_IMPLEMENTATIONS = YES;
				CLANG_WARN_DIRECT_OBJC_ISA_USAGE = YES_ERROR;
				CLANG_WARN_DOCUMENTATION_COMMENTS = YES;
				CLANG_WARN_EMPTY_BODY = YES;
				CLANG_WARN_ENUM_CONVERSION = YES;
				CLANG_WARN_INFINITE_RECURSION = YES;
				CLANG_WARN_INT_CONVERSION = YES;
				CLANG_WARN_NON_LITERAL_NULL_CONVERSION = YES;
				CLANG_WARN_OBJC_IMPLICIT_RETAIN_SELF = YES;
				CLANG_WARN_OBJC_LITERAL_CONVERSION = YES;
				CLANG_WARN_OBJC_ROOT_CLASS = YES_ERROR;
				CLANG_WARN_QUOTED_INCLUDE_IN_FRAMEWORK_HEADER = YES;
				CLANG_WARN_RANGE_LOOP_ANALYSIS = YES;
				CLANG_WARN_STRICT_PROTOTYPES = YES;
				CLANG_WARN_SUSPICIOUS_MOVE = YES;
				CLANG_WARN_UNGUARDED_AVAILABILITY = YES_AGGRESSIVE;
				CLANG_WARN_UNREACHABLE_CODE = YES;
				CLANG_WARN__DUPLICATE_METHOD_MATCH = YES;
				COPY_PHASE_STRIP = NO;
				DEBUG_INFORMATION_FORMAT = "dwarf-with-dsym";
				ENABLE_NS_ASSERTIONS = NO;
				ENABLE_STRICT_OBJC_MSGSEND = YES;
				GCC_C_LANGUAGE_STANDARD = gnu11;
				GCC_NO_COMMON_BLOCKS = YES;
				GCC_WARN_64_TO_32_BIT_CONVERSION = YES;
				GCC_WARN_ABOUT_RETURN_TYPE = YES_ERROR;
				GCC_WARN_UNDECLARED_SELECTOR = YES;
				GCC_WARN_UNINITIALIZED_AUTOS = YES_AGGRESSIVE;
				GCC_WARN_UNUSED_FUNCTION = YES;
				GCC_WARN_UNUSED_VARIABLE = YES;
				IPHONEOS_DEPLOYMENT_TARGET = 14.4;
				MTL_ENABLE_DEBUG_INFO = NO;
				MTL_FAST_MATH = YES;
				SDKROOT = iphoneos;
				SWIFT_COMPILATION_MODE = wholemodule;
				SWIFT_OPTIMIZATION_LEVEL = "-O";
				VALIDATE_PRODUCT = YES;
			};
			name = Release;
		};
		ECD09B8F261766CD0080DA5F /* Debug */ = {
			isa = XCBuildConfiguration;
			buildSettings = {
				ASSETCATALOG_COMPILER_APPICON_NAME = AppIcon;
				ASSETCATALOG_COMPILER_GLOBAL_ACCENT_COLOR_NAME = AccentColor;
				CODE_SIGN_STYLE = Automatic;
				INFOPLIST_FILE = Calculator/Info.plist;
				LD_RUNPATH_SEARCH_PATHS = (
					"$(inherited)",
					"@executable_path/Frameworks",
				);
				PRODUCT_BUNDLE_IDENTIFIER = luckymango.Calculator;
				PRODUCT_NAME = "$(TARGET_NAME)";
				SWIFT_VERSION = 5.0;
				TARGETED_DEVICE_FAMILY = "1,2";
			};
			name = Debug;
		};
		ECD09B90261766CD0080DA5F /* Release */ = {
			isa = XCBuildConfiguration;
			buildSettings = {
				ASSETCATALOG_COMPILER_APPICON_NAME = AppIcon;
				ASSETCATALOG_COMPILER_GLOBAL_ACCENT_COLOR_NAME = AccentColor;
				CODE_SIGN_STYLE = Automatic;
				INFOPLIST_FILE = Calculator/Info.plist;
				LD_RUNPATH_SEARCH_PATHS = (
					"$(inherited)",
					"@executable_path/Frameworks",
				);
				PRODUCT_BUNDLE_IDENTIFIER = luckymango.Calculator;
				PRODUCT_NAME = "$(TARGET_NAME)";
				SWIFT_VERSION = 5.0;
				TARGETED_DEVICE_FAMILY = "1,2";
			};
			name = Release;
		};
		ECD09B92261766CD0080DA5F /* Debug */ = {
			isa = XCBuildConfiguration;
			buildSettings = {
				ALWAYS_EMBED_SWIFT_STANDARD_LIBRARIES = YES;
				BUNDLE_LOADER = "$(TEST_HOST)";
				CODE_SIGN_STYLE = Automatic;
				INFOPLIST_FILE = CalculatorTests/Info.plist;
				IPHONEOS_DEPLOYMENT_TARGET = 14.4;
				LD_RUNPATH_SEARCH_PATHS = (
					"$(inherited)",
					"@executable_path/Frameworks",
					"@loader_path/Frameworks",
				);
				PRODUCT_BUNDLE_IDENTIFIER = luckymango.CalculatorTests;
				PRODUCT_NAME = "$(TARGET_NAME)";
				SWIFT_VERSION = 5.0;
				TARGETED_DEVICE_FAMILY = "1,2";
				TEST_HOST = "$(BUILT_PRODUCTS_DIR)/Calculator.app/Calculator";
			};
			name = Debug;
		};
		ECD09B93261766CD0080DA5F /* Release */ = {
			isa = XCBuildConfiguration;
			buildSettings = {
				ALWAYS_EMBED_SWIFT_STANDARD_LIBRARIES = YES;
				BUNDLE_LOADER = "$(TEST_HOST)";
				CODE_SIGN_STYLE = Automatic;
				INFOPLIST_FILE = CalculatorTests/Info.plist;
				IPHONEOS_DEPLOYMENT_TARGET = 14.4;
				LD_RUNPATH_SEARCH_PATHS = (
					"$(inherited)",
					"@executable_path/Frameworks",
					"@loader_path/Frameworks",
				);
				PRODUCT_BUNDLE_IDENTIFIER = luckymango.CalculatorTests;
				PRODUCT_NAME = "$(TARGET_NAME)";
				SWIFT_VERSION = 5.0;
				TARGETED_DEVICE_FAMILY = "1,2";
				TEST_HOST = "$(BUILT_PRODUCTS_DIR)/Calculator.app/Calculator";
			};
			name = Release;
		};
		ECD09B95261766CD0080DA5F /* Debug */ = {
			isa = XCBuildConfiguration;
			buildSettings = {
				ALWAYS_EMBED_SWIFT_STANDARD_LIBRARIES = YES;
				CODE_SIGN_STYLE = Automatic;
				INFOPLIST_FILE = CalculatorUITests/Info.plist;
				LD_RUNPATH_SEARCH_PATHS = (
					"$(inherited)",
					"@executable_path/Frameworks",
					"@loader_path/Frameworks",
				);
				PRODUCT_BUNDLE_IDENTIFIER = luckymango.CalculatorUITests;
				PRODUCT_NAME = "$(TARGET_NAME)";
				SWIFT_VERSION = 5.0;
				TARGETED_DEVICE_FAMILY = "1,2";
				TEST_TARGET_NAME = Calculator;
			};
			name = Debug;
		};
		ECD09B96261766CD0080DA5F /* Release */ = {
			isa = XCBuildConfiguration;
			buildSettings = {
				ALWAYS_EMBED_SWIFT_STANDARD_LIBRARIES = YES;
				CODE_SIGN_STYLE = Automatic;
				INFOPLIST_FILE = CalculatorUITests/Info.plist;
				LD_RUNPATH_SEARCH_PATHS = (
					"$(inherited)",
					"@executable_path/Frameworks",
					"@loader_path/Frameworks",
				);
				PRODUCT_BUNDLE_IDENTIFIER = luckymango.CalculatorUITests;
				PRODUCT_NAME = "$(TARGET_NAME)";
				SWIFT_VERSION = 5.0;
				TARGETED_DEVICE_FAMILY = "1,2";
				TEST_TARGET_NAME = Calculator;
			};
			name = Release;
		};
/* End XCBuildConfiguration section */

/* Begin XCConfigurationList section */
		ECD09B5F261766CB0080DA5F /* Build configuration list for PBXProject "Calculator" */ = {
			isa = XCConfigurationList;
			buildConfigurations = (
				ECD09B8C261766CD0080DA5F /* Debug */,
				ECD09B8D261766CD0080DA5F /* Release */,
			);
			defaultConfigurationIsVisible = 0;
			defaultConfigurationName = Release;
		};
		ECD09B8E261766CD0080DA5F /* Build configuration list for PBXNativeTarget "Calculator" */ = {
			isa = XCConfigurationList;
			buildConfigurations = (
				ECD09B8F261766CD0080DA5F /* Debug */,
				ECD09B90261766CD0080DA5F /* Release */,
			);
			defaultConfigurationIsVisible = 0;
			defaultConfigurationName = Release;
		};
		ECD09B91261766CD0080DA5F /* Build configuration list for PBXNativeTarget "CalculatorTests" */ = {
			isa = XCConfigurationList;
			buildConfigurations = (
				ECD09B92261766CD0080DA5F /* Debug */,
				ECD09B93261766CD0080DA5F /* Release */,
			);
			defaultConfigurationIsVisible = 0;
			defaultConfigurationName = Release;
		};
		ECD09B94261766CD0080DA5F /* Build configuration list for PBXNativeTarget "CalculatorUITests" */ = {
			isa = XCConfigurationList;
			buildConfigurations = (
				ECD09B95261766CD0080DA5F /* Debug */,
				ECD09B96261766CD0080DA5F /* Release */,
			);
			defaultConfigurationIsVisible = 0;
			defaultConfigurationName = Release;
		};
/* End XCConfigurationList section */
	};
	rootObject = ECD09B5C261766CB0080DA5F /* Project object */;
}
